
Microsoft Visual Studio Solution File, Format Version 12.00
# Visual Studio Version 16
VisualStudioVersion = 16.0.30907.101
MinimumVisualStudioVersion = 10.0.40219.1
Project("{8BC9CEB8-8B4A-11D0-8D11-00A0C91BC942}") = "LzssCpp", "LzssCpp\LzssCpp.vcxproj", "{B2F6812A-BE8D-43B3-8C8A-ED8F3CC2D834}"
EndProject
Project("{FAE04EC0-301F-11D3-BF4B-00C04F79EFBC}") = "AGF2BMP2AGF", "AGF2BMP2AGF\AGF2BMP2AGF.csproj", "{4DAAC19B-ADB1-4906-B4FF-980AE25C0152}"
EndProject
Global
	GlobalSection(SolutionConfigurationPlatforms) = preSolution
		Debug|Any CPU = Debug|Any CPU
		Debug|x64 = Debug|x64
		Debug|x86 = Debug|x86
		Release|Any CPU = Release|Any CPU
		Release|x64 = Release|x64
		Release|x86 = Release|x86
	EndGlobalSection
	GlobalSection(ProjectConfigurationPlatforms) = postSolution
		{B2F6812A-BE8D-43B3-8C8A-ED8F3CC2D834}.Debug|Any CPU.ActiveCfg = Debug|Win32
		{B2F6812A-BE8D-43B3-8C8A-ED8F3CC2D834}.Debug|Any CPU.Build.0 = Debug|Win32
		{B2F6812A-BE8D-43B3-8C8A-ED8F3CC2D834}.Debug|x64.ActiveCfg = Debug|x64
		{B2F6812A-BE8D-43B3-8C8A-ED8F3CC2D834}.Debug|x64.Build.0 = Debug|x64
		{B2F6812A-BE8D-43B3-8C8A-ED8F3CC2D834}.Debug|x86.ActiveCfg = Debug|Win32
		{B2F6812A-BE8D-43B3-8C8A-ED8F3CC2D834}.Debug|x86.Build.0 = Debug|Win32
		{B2F6812A-BE8D-43B3-8C8A-ED8F3CC2D834}.Release|Any CPU.ActiveCfg = Release|Win32
		{B2F6812A-BE8D-43B3-8C8A-ED8F3CC2D834}.Release|Any CPU.Build.0 = Release|Win32
		{B2F6812A-BE8D-43B3-8C8A-ED8F3CC2D834}.Release|x64.ActiveCfg = Release|x64
		{B2F6812A-BE8D-43B3-8C8A-ED8F3CC2D834}.Release|x64.Build.0 = Release|x64
		{B2F6812A-BE8D-43B3-8C8A-ED8F3CC2D834}.Release|x86.ActiveCfg = Release|Win32
		{B2F6812A-BE8D-43B3-8C8A-ED8F3CC2D834}.Release|x86.Build.0 = Release|Win32
		{4DAAC19B-ADB1-4906-B4FF-980AE25C0152}.Debug|Any CPU.ActiveCfg = Debug|Any CPU
		{4DAAC19B-ADB1-4906-B4FF-980AE25C0152}.Debug|Any CPU.Build.0 = Debug|Any CPU
		{4DAAC19B-ADB1-4906-B4FF-980AE25C0152}.Debug|x64.ActiveCfg = Debug|x64
		{4DAAC19B-ADB1-4906-B4FF-980AE25C0152}.Debug|x64.Build.0 = Debug|x64
		{4DAAC19B-ADB1-4906-B4FF-980AE25C0152}.Debug|x86.ActiveCfg = Debug|x86
		{4DAAC19B-ADB1-4906-B4FF-980AE25C0152}.Debug|x86.Build.0 = Debug|x86
		{4DAAC19B-ADB1-4906-B4FF-980AE25C0152}.Release|Any CPU.ActiveCfg = Release|Any CPU
		{4DAAC19B-ADB1-4906-B4FF-980AE25C0152}.Release|Any CPU.Build.0 = Release|Any CPU
		{4DAAC19B-ADB1-4906-B4FF-980AE25C0152}.Release|x64.ActiveCfg = Release|x64
		{4DAAC19B-ADB1-4906-B4FF-980AE25C0152}.Release|x64.Build.0 = Release|x64
		{4DAAC19B-ADB1-4906-B4FF-980AE25C0152}.Release|x86.ActiveCfg = Release|x86
		{4DAAC19B-ADB1-4906-B4FF-980AE25C0152}.Release|x86.Build.0 = Release|x86
	EndGlobalSection
	GlobalSection(SolutionProperties) = preSolution
		HideSolutionNode = FALSE
	EndGlobalSection
	GlobalSection(ExtensibilityGlobals) = postSolution
		SolutionGuid = {BD7CE889-8843-44E4-A41D-E746118CD391}
	EndGlobalSection
EndGlobal
